
Microsoft Visual Studio Solution File, Format Version 12.00
# Visual Studio 15
VisualStudioVersion = 15.0.27703.2000
MinimumVisualStudioVersion = 10.0.40219.1
Project("{888888A0-9F3D-457C-B088-3A5042F75D52}") = "UCTSwipe", "UCTSwipe\UCTSwipe.pyproj", "{CA46B99E-6900-4DF6-BE54-53FA3CFB5652}"
EndProject
Global
	GlobalSection(SolutionConfigurationPlatforms) = preSolution
		Debug|Any CPU = Debug|Any CPU
		Release|Any CPU = Release|Any CPU
	EndGlobalSection
	GlobalSection(ProjectConfigurationPlatforms) = postSolution
		{CA46B99E-6900-4DF6-BE54-53FA3CFB5652}.Debug|Any CPU.ActiveCfg = Debug|Any CPU
		{CA46B99E-6900-4DF6-BE54-53FA3CFB5652}.Release|Any CPU.ActiveCfg = Release|Any CPU
	EndGlobalSection
	GlobalSection(SolutionProperties) = preSolution
		HideSolutionNode = FALSE
	EndGlobalSection
	GlobalSection(ExtensibilityGlobals) = postSolution
		SolutionGuid = {CF3FF607-270D-4F21-94F3-5B209A8B1083}
	EndGlobalSection
EndGlobal
